
Microsoft Visual Studio Solution File, Format Version 12.00
# Visual Studio Version 16
VisualStudioVersion = 16.0.34031.81
MinimumVisualStudioVersion = 10.0.40219.1
Project("{FAE04EC0-301F-11D3-BF4B-00C04F79EFBC}") = "Actividad 11 - Ejercicios de Recursividad EN C SHARP", "Actividad 11 - Ejercicios de Recursividad EN C SHARP\Actividad 11 - Ejercicios de Recursividad EN C SHARP.csproj", "{643A3F08-A35B-4B8C-A21A-117D47C02555}"
EndProject
Global
	GlobalSection(SolutionConfigurationPlatforms) = preSolution
		Debug|Any CPU = Debug|Any CPU
		Release|Any CPU = Release|Any CPU
	EndGlobalSection
	GlobalSection(ProjectConfigurationPlatforms) = postSolution
		{643A3F08-A35B-4B8C-A21A-117D47C02555}.Debug|Any CPU.ActiveCfg = Debug|Any CPU
		{643A3F08-A35B-4B8C-A21A-117D47C02555}.Debug|Any CPU.Build.0 = Debug|Any CPU
		{643A3F08-A35B-4B8C-A21A-117D47C02555}.Release|Any CPU.ActiveCfg = Release|Any CPU
		{643A3F08-A35B-4B8C-A21A-117D47C02555}.Release|Any CPU.Build.0 = Release|Any CPU
	EndGlobalSection
	GlobalSection(SolutionProperties) = preSolution
		HideSolutionNode = FALSE
	EndGlobalSection
	GlobalSection(ExtensibilityGlobals) = postSolution
		SolutionGuid = {DCC1BB1A-969A-44F0-9E11-2B6EF1ED7E0B}
	EndGlobalSection
EndGlobal
